dependencies:
- name: postgresql
  repository: oci://registry-1.docker.io/bitnamicharts
  version: 15.2.4
- name: keycloak
  repository: oci://registry-1.docker.io/bitnamicharts
  version: 22.1.1
digest: sha256:1334154e9055bbe4b12fc773e9dd1358a3f7faf95a88b948cd21786a00937a30
generated: "2024-08-13T18:01:42.452278-04:00"
